
Microsoft Visual Studio Solution File, Format Version 12.00
# Visual Studio Version 17
VisualStudioVersion = 17.0.31903.59
MinimumVisualStudioVersion = 10.0.40219.1
Project("{FAE04EC0-301F-11D3-BF4B-00C04F79EFBC}") = "CreComps.Api", "CreComps.Api\CreComps.Api.csproj", "{006E488D-A072-4ADE-8D6F-03A8E95A98B3}"
EndProject
Project("{FAE04EC0-301F-11D3-BF4B-00C04F79EFBC}") = "CreComps.Api.Tests", "CreComps.Api.Tests\CreComps.Api.Tests.csproj", "{60089D67-AEEE-4C83-AFF0-CFC6745F0A72}"
EndProject
Global
	GlobalSection(SolutionConfigurationPlatforms) = preSolution
		Debug|Any CPU = Debug|Any CPU
		Release|Any CPU = Release|Any CPU
	EndGlobalSection
	GlobalSection(SolutionProperties) = preSolution
		HideSolutionNode = FALSE
	EndGlobalSection
	GlobalSection(ProjectConfigurationPlatforms) = postSolution
		{006E488D-A072-4ADE-8D6F-03A8E95A98B3}.Debug|Any CPU.ActiveCfg = Debug|Any CPU
		{006E488D-A072-4ADE-8D6F-03A8E95A98B3}.Debug|Any CPU.Build.0 = Debug|Any CPU
		{006E488D-A072-4ADE-8D6F-03A8E95A98B3}.Release|Any CPU.ActiveCfg = Release|Any CPU
		{006E488D-A072-4ADE-8D6F-03A8E95A98B3}.Release|Any CPU.Build.0 = Release|Any CPU
		{60089D67-AEEE-4C83-AFF0-CFC6745F0A72}.Debug|Any CPU.ActiveCfg = Debug|Any CPU
		{60089D67-AEEE-4C83-AFF0-CFC6745F0A72}.Debug|Any CPU.Build.0 = Debug|Any CPU
		{60089D67-AEEE-4C83-AFF0-CFC6745F0A72}.Release|Any CPU.ActiveCfg = Release|Any CPU
		{60089D67-AEEE-4C83-AFF0-CFC6745F0A72}.Release|Any CPU.Build.0 = Release|Any CPU
	EndGlobalSection
EndGlobal
